// !$*UTF8*$!
{
	archiveVersion = 1;
	classes = {
	};
	objectVersion = 50;
	objects = {

/* Begin PBXBuildFile section */
		991DF9522372CDC200C32D6C /* ThrowingTests.swift in Sources */ = {isa = PBXBuildFile; fileRef = 991DF9512372CDC200C32D6C /* ThrowingTests.swift */; };
		994A9C2523720788006FCA7A /* AppDelegate.swift in Sources */ = {isa = PBXBuildFile; fileRef = 994A9C2423720788006FCA7A /* AppDelegate.swift */; };
		994A9C2723720788006FCA7A /* SceneDelegate.swift in Sources */ = {isa = PBXBuildFile; fileRef = 994A9C2623720788006FCA7A /* SceneDelegate.swift */; };
		994A9C2923720788006FCA7A /* ViewController.swift in Sources */ = {isa = PBXBuildFile; fileRef = 994A9C2823720788006FCA7A /* ViewController.swift */; };
		994A9C2C23720788006FCA7A /* Main.storyboard in Resources */ = {isa = PBXBuildFile; fileRef = 994A9C2A23720788006FCA7A /* Main.storyboard */; };
		994A9C2E2372078B006FCA7A /* Assets.xcassets in Resources */ = {isa = PBXBuildFile; fileRef = 994A9C2D2372078B006FCA7A /* Assets.xcassets */; };
		994A9C312372078B006FCA7A /* LaunchScreen.storyboard in Resources */ = {isa = PBXBuildFile; fileRef = 994A9C2F2372078B006FCA7A /* LaunchScreen.storyboard */; };
		994A9C3C2372078B006FCA7A /* FirstTests.swift in Sources */ = {isa = PBXBuildFile; fileRef = 994A9C3B2372078B006FCA7A /* FirstTests.swift */; };
		994A9C4723720847006FCA7A /* Hater.swift in Sources */ = {isa = PBXBuildFile; fileRef = 994A9C4623720847006FCA7A /* Hater.swift */; };
		994A9C4923722D31006FCA7A /* Converter.swift in Sources */ = {isa = PBXBuildFile; fileRef = 994A9C4823722D31006FCA7A /* Converter.swift */; };
		994A9C4B23722D81006FCA7A /* ConverterTests.swift in Sources */ = {isa = PBXBuildFile; fileRef = 994A9C4A23722D81006FCA7A /* ConverterTests.swift */; };
/* End PBXBuildFile section */

/* Begin PBXContainerItemProxy section */
		994A9C382372078B006FCA7A /* PBXContainerItemProxy */ = {
			isa = PBXContainerItemProxy;
			containerPortal = 994A9C1923720788006FCA7A /* Project object */;
			proxyType = 1;
			remoteGlobalIDString = 994A9C2023720788006FCA7A;
			remoteInfo = First;
		};
/* End PBXContainerItemProxy section */

/* Begin PBXFileReference section */
		991DF9512372CDC200C32D6C /* ThrowingTests.swift */ = {isa = PBXFileReference; lastKnownFileType = sourcecode.swift; path = ThrowingTests.swift; sourceTree = "<group>"; };
		994A9C2123720788006FCA7A /* First.app */ = {isa = PBXFileReference; explicitFileType = wrapper.application; includeInIndex = 0; path = First.app; sourceTree = BUILT_PRODUCTS_DIR; };
		994A9C2423720788006FCA7A /* AppDelegate.swift */ = {isa = PBXFileReference; lastKnownFileType = sourcecode.swift; path = AppDelegate.swift; sourceTree = "<group>"; };
		994A9C2623720788006FCA7A /* SceneDelegate.swift */ = {isa = PBXFileReference; lastKnownFileType = sourcecode.swift; path = SceneDelegate.swift; sourceTree = "<group>"; };
		994A9C2823720788006FCA7A /* ViewController.swift */ = {isa = PBXFileReference; lastKnownFileType = sourcecode.swift; path = ViewController.swift; sourceTree = "<group>"; };
		994A9C2B23720788006FCA7A /* Base */ = {isa = PBXFileReference; lastKnownFileType = file.storyboard; name = Base; path = Base.lproj/Main.storyboard; sourceTree = "<group>"; };
		994A9C2D2372078B006FCA7A /* Assets.xcassets */ = {isa = PBXFileReference; lastKnownFileType = folder.assetcatalog; path = Assets.xcassets; sourceTree = "<group>"; };
		994A9C302372078B006FCA7A /* Base */ = {isa = PBXFileReference; lastKnownFileType = file.storyboard; name = Base; path = Base.lproj/LaunchScreen.storyboard; sourceTree = "<group>"; };
		994A9C322372078B006FCA7A /* Info.plist */ = {isa = PBXFileReference; lastKnownFileType = text.plist.xml; path = Info.plist; sourceTree = "<group>"; };
		994A9C372372078B006FCA7A /* FirstTests.xctest */ = {isa = PBXFileReference; explicitFileType = wrapper.cfbundle; includeInIndex = 0; path = FirstTests.xctest; sourceTree = BUILT_PRODUCTS_DIR; };
		994A9C3B2372078B006FCA7A /* FirstTests.swift */ = {isa = PBXFileReference; lastKnownFileType = sourcecode.swift; path = FirstTests.swift; sourceTree = "<group>"; };
		994A9C3D2372078B006FCA7A /* Info.plist */ = {isa = PBXFileReference; lastKnownFileType = text.plist.xml; path = Info.plist; sourceTree = "<group>"; };
		994A9C4623720847006FCA7A /* Hater.swift */ = {isa = PBXFileReference; lastKnownFileType = sourcecode.swift; path = Hater.swift; sourceTree = "<group>"; };
		994A9C4823722D31006FCA7A /* Converter.swift */ = {isa = PBXFileReference; lastKnownFileType = sourcecode.swift; path = Converter.swift; sourceTree = "<group>"; };
		994A9C4A23722D81006FCA7A /* ConverterTests.swift */ = {isa = PBXFileReference; lastKnownFileType = sourcecode.swift; path = ConverterTests.swift; sourceTree = "<group>"; };
/* End PBXFileReference section */

/* Begin PBXFrameworksBuildPhase section */
		994A9C1E23720788006FCA7A /* Frameworks */ = {
			isa = PBXFrameworksBuildPhase;
			buildActionMask = 2147483647;
			files = (
			);
			runOnlyForDeploymentPostprocessing = 0;
		};
		994A9C342372078B006FCA7A /* Frameworks */ = {
			isa = PBXFrameworksBuildPhase;
			buildActionMask = 2147483647;
			files = (
			);
			runOnlyForDeploymentPostprocessing = 0;
		};
/* End PBXFrameworksBuildPhase section */

/* Begin PBXGroup section */
		994A9C1823720788006FCA7A = {
			isa = PBXGroup;
			children = (
				994A9C2323720788006FCA7A /* First */,
				994A9C3A2372078B006FCA7A /* FirstTests */,
				994A9C2223720788006FCA7A /* Products */,
			);
			sourceTree = "<group>";
		};
		994A9C2223720788006FCA7A /* Products */ = {
			isa = PBXGroup;
			children = (
				994A9C2123720788006FCA7A /* First.app */,
				994A9C372372078B006FCA7A /* FirstTests.xctest */,
			);
			name = Products;
			sourceTree = "<group>";
		};
		994A9C2323720788006FCA7A /* First */ = {
			isa = PBXGroup;
			children = (
				994A9C2423720788006FCA7A /* AppDelegate.swift */,
				994A9C2623720788006FCA7A /* SceneDelegate.swift */,
				994A9C2823720788006FCA7A /* ViewController.swift */,
				994A9C2A23720788006FCA7A /* Main.storyboard */,
				994A9C2D2372078B006FCA7A /* Assets.xcassets */,
				994A9C2F2372078B006FCA7A /* LaunchScreen.storyboard */,
				994A9C322372078B006FCA7A /* Info.plist */,
				994A9C4623720847006FCA7A /* Hater.swift */,
				994A9C4823722D31006FCA7A /* Converter.swift */,
			);
			path = First;
			sourceTree = "<group>";
		};
		994A9C3A2372078B006FCA7A /* FirstTests */ = {
			isa = PBXGroup;
			children = (
				994A9C3B2372078B006FCA7A /* FirstTests.swift */,
				994A9C4A23722D81006FCA7A /* ConverterTests.swift */,
				991DF9512372CDC200C32D6C /* ThrowingTests.swift */,
				994A9C3D2372078B006FCA7A /* Info.plist */,
			);
			path = FirstTests;
			sourceTree = "<group>";
		};
/* End PBXGroup section */

/* Begin PBXNativeTarget section */
		994A9C2023720788006FCA7A /* First */ = {
			isa = PBXNativeTarget;
			buildConfigurationList = 994A9C402372078B006FCA7A /* Build configuration list for PBXNativeTarget "First" */;
			buildPhases = (
				994A9C1D23720788006FCA7A /* Sources */,
				994A9C1E23720788006FCA7A /* Frameworks */,
				994A9C1F23720788006FCA7A /* Resources */,
			);
			buildRules = (
			);
			dependencies = (
			);
			name = First;
			productName = First;
			productReference = 994A9C2123720788006FCA7A /* First.app */;
			productType = "com.apple.product-type.application";
		};
		994A9C362372078B006FCA7A /* FirstTests */ = {
			isa = PBXNativeTarget;
			buildConfigurationList = 994A9C432372078B006FCA7A /* Build configuration list for PBXNativeTarget "FirstTests" */;
			buildPhases = (
				994A9C332372078B006FCA7A /* Sources */,
				994A9C342372078B006FCA7A /* Frameworks */,
				994A9C352372078B006FCA7A /* Resources */,
			);
			buildRules = (
			);
			dependencies = (
				994A9C392372078B006FCA7A /* PBXTargetDependency */,
			);
			name = FirstTests;
			productName = FirstTests;
			productReference = 994A9C372372078B006FCA7A /* FirstTests.xctest */;
			productType = "com.apple.product-type.bundle.unit-test";
		};
/* End PBXNativeTarget section */

/* Begin PBXProject section */
		994A9C1923720788006FCA7A /* Project object */ = {
			isa = PBXProject;
			attributes = {
				LastSwiftUpdateCheck = 1120;
				LastUpgradeCheck = 1120;
				ORGANIZATIONNAME = "Ale Mohamad";
				TargetAttributes = {
					994A9C2023720788006FCA7A = {
						CreatedOnToolsVersion = 11.2;
					};
					994A9C362372078B006FCA7A = {
						CreatedOnToolsVersion = 11.2;
						TestTargetID = 994A9C2023720788006FCA7A;
					};
				};
			};
			buildConfigurationList = 994A9C1C23720788006FCA7A /* Build configuration list for PBXProject "First" */;
			compatibilityVersion = "Xcode 9.3";
			developmentRegion = en;
			hasScannedForEncodings = 0;
			knownRegions = (
				en,
				Base,
			);
			mainGroup = 994A9C1823720788006FCA7A;
			productRefGroup = 994A9C2223720788006FCA7A /* Products */;
			projectDirPath = "";
			projectRoot = "";
			targets = (
				994A9C2023720788006FCA7A /* First */,
				994A9C362372078B006FCA7A /* FirstTests */,
			);
		};
/* End PBXProject section */

/* Begin PBXResourcesBuildPhase section */
		994A9C1F23720788006FCA7A /* Resources */ = {
			isa = PBXResourcesBuildPhase;
			buildActionMask = 2147483647;
			files = (
				994A9C312372078B006FCA7A /* LaunchScreen.storyboard in Resources */,
				994A9C2E2372078B006FCA7A /* Assets.xcassets in Resources */,
				994A9C2C23720788006FCA7A /* Main.storyboard in Resources */,
			);
			runOnlyForDeploymentPostprocessing = 0;
		};
		994A9C352372078B006FCA7A /* Resources */ = {
			isa = PBXResourcesBuildPhase;
			buildActionMask = 2147483647;
			files = (
			);
			runOnlyForDeploymentPostprocessing = 0;
		};
/* End PBXResourcesBuildPhase section */

/* Begin PBXSourcesBuildPhase section */
		994A9C1D23720788006FCA7A /* Sources */ = {
			isa = PBXSourcesBuildPhase;
			buildActionMask = 2147483647;
			files = (
				994A9C2923720788006FCA7A /* ViewController.swift in Sources */,
				994A9C2523720788006FCA7A /* AppDelegate.swift in Sources */,
				994A9C4723720847006FCA7A /* Hater.swift in Sources */,
				994A9C2723720788006FCA7A /* SceneDelegate.swift in Sources */,
				994A9C4923722D31006FCA7A /* Converter.swift in Sources */,
			);
			runOnlyForDeploymentPostprocessing = 0;
		};
		994A9C332372078B006FCA7A /* Sources */ = {
			isa = PBXSourcesBuildPhase;
			buildActionMask = 2147483647;
			files = (
				994A9C4B23722D81006FCA7A /* ConverterTests.swift in Sources */,
				994A9C3C2372078B006FCA7A /* FirstTests.swift in Sources */,
				991DF9522372CDC200C32D6C /* ThrowingTests.swift in Sources */,
			);
			runOnlyForDeploymentPostprocessing = 0;
		};
/* End PBXSourcesBuildPhase section */

/* Begin PBXTargetDependency section */
		994A9C392372078B006FCA7A /* PBXTargetDependency */ = {
			isa = PBXTargetDependency;
			target = 994A9C2023720788006FCA7A /* First */;
			targetProxy = 994A9C382372078B006FCA7A /* PBXContainerItemProxy */;
		};
/* End PBXTargetDependency section */

/* Begin PBXVariantGroup section */
		994A9C2A23720788006FCA7A /* Main.storyboard */ = {
			isa = PBXVariantGroup;
			children = (
				994A9C2B23720788006FCA7A /* Base */,
			);
			name = Main.storyboard;
			sourceTree = "<group>";
		};
		994A9C2F2372078B006FCA7A /* LaunchScreen.storyboard */ = {
			isa = PBXVariantGroup;
			children = (
				994A9C302372078B006FCA7A /* Base */,
			);
			name = LaunchScreen.storyboard;
			sourceTree = "<group>";
		};
/* End PBXVariantGroup section */

/* Begin XCBuildConfiguration section */
		994A9C3E2372078B006FCA7A /* Debug */ = {
			isa = XCBuildConfiguration;
			buildSettings = {
				ALWAYS_SEARCH_USER_PATHS = NO;
				CLANG_ANALYZER_NONNULL = YES;
				CLANG_ANALYZER_NUMBER_OBJECT_CONVERSION = YES_AGGRESSIVE;
				CLANG_CXX_LANGUAGE_STANDARD = "gnu++14";
				CLANG_CXX_LIBRARY = "libc++";
				CLANG_ENABLE_MODULES = YES;
				CLANG_ENABLE_OBJC_ARC = YES;
				CLANG_ENABLE_OBJC_WEAK = YES;
				CLANG_WARN_BLOCK_CAPTURE_AUTORELEASING = YES;
				CLANG_WARN_BOOL_CONVERSION = YES;
				CLANG_WARN_COMMA = YES;
				CLANG_WARN_CONSTANT_CONVERSION = YES;
				CLANG_WARN_DEPRECATED_OBJC_IMPLEMENTATIONS = YES;
				CLANG_WARN_DIRECT_OBJC_ISA_USAGE = YES_ERROR;
				CLANG_WARN_DOCUMENTATION_COMMENTS = YES;
				CLANG_WARN_EMPTY_BODY = YES;
				CLANG_WARN_ENUM_CONVERSION = YES;
				CLANG_WARN_INFINITE_RECURSION = YES;
				CLANG_WARN_INT_CONVERSION = YES;
				CLANG_WARN_NON_LITERAL_NULL_CONVERSION = YES;
				CLANG_WARN_OBJC_IMPLICIT_RETAIN_SELF = YES;
				CLANG_WARN_OBJC_LITERAL_CONVERSION = YES;
				CLANG_WARN_OBJC_ROOT_CLASS = YES_ERROR;
				CLANG_WARN_RANGE_LOOP_ANALYSIS = YES;
				CLANG_WARN_STRICT_PROTOTYPES = YES;
				CLANG_WARN_SUSPICIOUS_MOVE = YES;
				CLANG_WARN_UNGUARDED_AVAILABILITY = YES_AGGRESSIVE;
				CLANG_WARN_UNREACHABLE_CODE = YES;
				CLANG_WARN__DUPLICATE_METHOD_MATCH = YES;
				COPY_PHASE_STRIP = NO;
				DEBUG_INFORMATION_FORMAT = dwarf;
				ENABLE_STRICT_OBJC_MSGSEND = YES;
				ENABLE_TESTABILITY = YES;
				GCC_C_LANGUAGE_STANDARD = gnu11;
				GCC_DYNAMIC_NO_PIC = NO;
				GCC_NO_COMMON_BLOCKS = YES;
				GCC_OPTIMIZATION_LEVEL = 0;
				GCC_PREPROCESSOR_DEFINITIONS = (
					"DEBUG=1",
					"$(inherited)",
				);
				GCC_WARN_64_TO_32_BIT_CONVERSION = YES;
				GCC_WARN_ABOUT_RETURN_TYPE = YES_ERROR;
				GCC_WARN_UNDECLARED_SELECTOR = YES;
				GCC_WARN_UNINITIALIZED_AUTOS = YES_AGGRESSIVE;
				GCC_WARN_UNUSED_FUNCTION = YES;
				GCC_WARN_UNUSED_VARIABLE = YES;
				IPHONEOS_DEPLOYMENT_TARGET = 13.2;
				MTL_ENABLE_DEBUG_INFO = INCLUDE_SOURCE;
				MTL_FAST_MATH = YES;
				ONLY_ACTIVE_ARCH = YES;
				SDKROOT = iphoneos;
				SWIFT_ACTIVE_COMPILATION_CONDITIONS = DEBUG;
				SWIFT_OPTIMIZATION_LEVEL = "-Onone";
			};
			name = Debug;
		};
		994A9C3F2372078B006FCA7A /* Release */ = {
			isa = XCBuildConfiguration;
			buildSettings = {
				ALWAYS_SEARCH_USER_PATHS = NO;
				CLANG_ANALYZER_NONNULL = YES;
				CLANG_ANALYZER_NUMBER_OBJECT_CONVERSION = YES_AGGRESSIVE;
				CLANG_CXX_LANGUAGE_STANDARD = "gnu++14";
				CLANG_CXX_LIBRARY = "libc++";
				CLANG_ENABLE_MODULES = YES;
				CLANG_ENABLE_OBJC_ARC = YES;
				CLANG_ENABLE_OBJC_WEAK = YES;
				CLANG_WARN_BLOCK_CAPTURE_AUTORELEASING = YES;
				CLANG_WARN_BOOL_CONVERSION = YES;
				CLANG_WARN_COMMA = YES;
				CLANG_WARN_CONSTANT_CONVERSION = YES;
				CLANG_WARN_DEPRECATED_OBJC_IMPLEMENTATIONS = YES;
				CLANG_WARN_DIRECT_OBJC_ISA_USAGE = YES_ERROR;
				CLANG_WARN_DOCUMENTATION_COMMENTS = YES;
				CLANG_WARN_EMPTY_BODY = YES;
				CLANG_WARN_ENUM_CONVERSION = YES;
				CLANG_WARN_INFINITE_RECURSION = YES;
				CLANG_WARN_INT_CONVERSION = YES;
				CLANG_WARN_NON_LITERAL_NULL_CONVERSION = YES;
				CLANG_WARN_OBJC_IMPLICIT_RETAIN_SELF = YES;
				CLANG_WARN_OBJC_LITERAL_CONVERSION = YES;
				CLANG_WARN_OBJC_ROOT_CLASS = YES_ERROR;
				CLANG_WARN_RANGE_LOOP_ANALYSIS = YES;
				CLANG_WARN_STRICT_PROTOTYPES = YES;
				CLANG_WARN_SUSPICIOUS_MOVE = YES;
				CLANG_WARN_UNGUARDED_AVAILABILITY = YES_AGGRESSIVE;
				CLANG_WARN_UNREACHABLE_CODE = YES;
				CLANG_WARN__DUPLICATE_METHOD_MATCH = YES;
				COPY_PHASE_STRIP = NO;
				DEBUG_INFORMATION_FORMAT = "dwarf-with-dsym";
				ENABLE_NS_ASSERTIONS = NO;
				ENABLE_STRICT_OBJC_MSGSEND = YES;
				GCC_C_LANGUAGE_STANDARD = gnu11;
				GCC_NO_COMMON_BLOCKS = YES;
				GCC_WARN_64_TO_32_BIT_CONVERSION = YES;
				GCC_WARN_ABOUT_RETURN_TYPE = YES_ERROR;
				GCC_WARN_UNDECLARED_SELECTOR = YES;
				GCC_WARN_UNINITIALIZED_AUTOS = YES_AGGRESSIVE;
				GCC_WARN_UNUSED_FUNCTION = YES;
				GCC_WARN_UNUSED_VARIABLE = YES;
				IPHONEOS_DEPLOYMENT_TARGET = 13.2;
				MTL_ENABLE_DEBUG_INFO = NO;
				MTL_FAST_MATH = YES;
				SDKROOT = iphoneos;
				SWIFT_COMPILATION_MODE = wholemodule;
				SWIFT_OPTIMIZATION_LEVEL = "-O";
				VALIDATE_PRODUCT = YES;
			};
			name = Release;
		};
		994A9C412372078B006FCA7A /* Debug */ = {
			isa = XCBuildConfiguration;
			buildSettings = {
				ASSETCATALOG_COMPILER_APPICON_NAME = AppIcon;
				CODE_SIGN_STYLE = Automatic;
				DEVELOPMENT_TEAM = WCNR2RY47A;
				INFOPLIST_FILE = First/Info.plist;
				LD_RUNPATH_SEARCH_PATHS = (
					"$(inherited)",
					"@executable_path/Frameworks",
				);
				PRODUCT_BUNDLE_IDENTIFIER = com.alemohamad.First;
				PRODUCT_NAME = "$(TARGET_NAME)";
				SWIFT_VERSION = 5.0;
				TARGETED_DEVICE_FAMILY = "1,2";
			};
			name = Debug;
		};
		994A9C422372078B006FCA7A /* Release */ = {
			isa = XCBuildConfiguration;
			buildSettings = {
				ASSETCATALOG_COMPILER_APPICON_NAME = AppIcon;
				CODE_SIGN_STYLE = Automatic;
				DEVELOPMENT_TEAM = WCNR2RY47A;
				INFOPLIST_FILE = First/Info.plist;
				LD_RUNPATH_SEARCH_PATHS = (
					"$(inherited)",
					"@executable_path/Frameworks",
				);
				PRODUCT_BUNDLE_IDENTIFIER = com.alemohamad.First;
				PRODUCT_NAME = "$(TARGET_NAME)";
				SWIFT_VERSION = 5.0;
				TARGETED_DEVICE_FAMILY = "1,2";
			};
			name = Release;
		};
		994A9C442372078B006FCA7A /* Debug */ = {
			isa = XCBuildConfiguration;
			buildSettings = {
				ALWAYS_EMBED_SWIFT_STANDARD_LIBRARIES = YES;
				BUNDLE_LOADER = "$(TEST_HOST)";
				CODE_SIGN_STYLE = Automatic;
				DEVELOPMENT_TEAM = WCNR2RY47A;
				INFOPLIST_FILE = FirstTests/Info.plist;
				IPHONEOS_DEPLOYMENT_TARGET = 13.2;
				LD_RUNPATH_SEARCH_PATHS = (
					"$(inherited)",
					"@executable_path/Frameworks",
					"@loader_path/Frameworks",
				);
				PRODUCT_BUNDLE_IDENTIFIER = com.alemohamad.FirstTests;
				PRODUCT_NAME = "$(TARGET_NAME)";
				SWIFT_VERSION = 5.0;
				TARGETED_DEVICE_FAMILY = "1,2";
				TEST_HOST = "$(BUILT_PRODUCTS_DIR)/First.app/First";
			};
			name = Debug;
		};
		994A9C452372078B006FCA7A /* Release */ = {
			isa = XCBuildConfiguration;
			buildSettings = {
				ALWAYS_EMBED_SWIFT_STANDARD_LIBRARIES = YES;
				BUNDLE_LOADER = "$(TEST_HOST)";
				CODE_SIGN_STYLE = Automatic;
				DEVELOPMENT_TEAM = WCNR2RY47A;
				INFOPLIST_FILE = FirstTests/Info.plist;
				IPHONEOS_DEPLOYMENT_TARGET = 13.2;
				LD_RUNPATH_SEARCH_PATHS = (
					"$(inherited)",
					"@executable_path/Frameworks",
					"@loader_path/Frameworks",
				);
				PRODUCT_BUNDLE_IDENTIFIER = com.alemohamad.FirstTests;
				PRODUCT_NAME = "$(TARGET_NAME)";
				SWIFT_VERSION = 5.0;
				TARGETED_DEVICE_FAMILY = "1,2";
				TEST_HOST = "$(BUILT_PRODUCTS_DIR)/First.app/First";
			};
			name = Release;
		};
/* End XCBuildConfiguration section */

/* Begin XCConfigurationList section */
		994A9C1C23720788006FCA7A /* Build configuration list for PBXProject "First" */ = {
			isa = XCConfigurationList;
			buildConfigurations = (
				994A9C3E2372078B006FCA7A /* Debug */,
				994A9C3F2372078B006FCA7A /* Release */,
			);
			defaultConfigurationIsVisible = 0;
			defaultConfigurationName = Release;
		};
		994A9C402372078B006FCA7A /* Build configuration list for PBXNativeTarget "First" */ = {
			isa = XCConfigurationList;
			buildConfigurations = (
				994A9C412372078B006FCA7A /* Debug */,
				994A9C422372078B006FCA7A /* Release */,
			);
			defaultConfigurationIsVisible = 0;
			defaultConfigurationName = Release;
		};
		994A9C432372078B006FCA7A /* Build configuration list for PBXNativeTarget "FirstTests" */ = {
			isa = XCConfigurationList;
			buildConfigurations = (
				994A9C442372078B006FCA7A /* Debug */,
				994A9C452372078B006FCA7A /* Release */,
			);
			defaultConfigurationIsVisible = 0;
			defaultConfigurationName = Release;
		};
/* End XCConfigurationList section */
	};
	rootObject = 994A9C1923720788006FCA7A /* Project object */;
}
